
Microsoft Visual Studio Solution File, Format Version 12.00
# Visual Studio Version 16
VisualStudioVersion = 16.0.30114.105
MinimumVisualStudioVersion = 10.0.40219.1
Project("{FAE04EC0-301F-11D3-BF4B-00C04F79EFBC}") = "Api_PersonalGeneral.Domain", "Api_PersonalGeneral.Domain\Api_PersonalGeneral.Domain.csproj", "{AEDF1C11-C2C6-4EA0-A1D3-6F42F6AAD462}"
EndProject
Project("{FAE04EC0-301F-11D3-BF4B-00C04F79EFBC}") = "Api_PersonalGeneral.Infraestructure", "Api_PersonalGeneral.Infraestructure\Api_PersonalGeneral.Infraestructure.csproj", "{ECC6B652-EA5D-4A08-B544-A53072C3D987}"
EndProject
Project("{FAE04EC0-301F-11D3-BF4B-00C04F79EFBC}") = "Api_PersonalGeneral.Application", "Api_PersonalGeneral.Application\Api_PersonalGeneral.Application.csproj", "{34932C1C-CD24-46FD-89F5-A85F9952B0E1}"
EndProject
Project("{FAE04EC0-301F-11D3-BF4B-00C04F79EFBC}") = "Api_PersonalGeneral.Api", "Api_PersonalGeneral.Api\Api_PersonalGeneral.Api.csproj", "{EE641F55-99EB-4041-9174-6D33ED4EDF27}"
EndProject
Global
	GlobalSection(SolutionConfigurationPlatforms) = preSolution
		Debug|Any CPU = Debug|Any CPU
		Debug|x64 = Debug|x64
		Debug|x86 = Debug|x86
		Release|Any CPU = Release|Any CPU
		Release|x64 = Release|x64
		Release|x86 = Release|x86
	EndGlobalSection
	GlobalSection(SolutionProperties) = preSolution
		HideSolutionNode = FALSE
	EndGlobalSection
	GlobalSection(ProjectConfigurationPlatforms) = postSolution
		{AEDF1C11-C2C6-4EA0-A1D3-6F42F6AAD462}.Debug|Any CPU.ActiveCfg = Debug|Any CPU
		{AEDF1C11-C2C6-4EA0-A1D3-6F42F6AAD462}.Debug|Any CPU.Build.0 = Debug|Any CPU
		{AEDF1C11-C2C6-4EA0-A1D3-6F42F6AAD462}.Debug|x64.ActiveCfg = Debug|Any CPU
		{AEDF1C11-C2C6-4EA0-A1D3-6F42F6AAD462}.Debug|x64.Build.0 = Debug|Any CPU
		{AEDF1C11-C2C6-4EA0-A1D3-6F42F6AAD462}.Debug|x86.ActiveCfg = Debug|Any CPU
		{AEDF1C11-C2C6-4EA0-A1D3-6F42F6AAD462}.Debug|x86.Build.0 = Debug|Any CPU
		{AEDF1C11-C2C6-4EA0-A1D3-6F42F6AAD462}.Release|Any CPU.ActiveCfg = Release|Any CPU
		{AEDF1C11-C2C6-4EA0-A1D3-6F42F6AAD462}.Release|Any CPU.Build.0 = Release|Any CPU
		{AEDF1C11-C2C6-4EA0-A1D3-6F42F6AAD462}.Release|x64.ActiveCfg = Release|Any CPU
		{AEDF1C11-C2C6-4EA0-A1D3-6F42F6AAD462}.Release|x64.Build.0 = Release|Any CPU
		{AEDF1C11-C2C6-4EA0-A1D3-6F42F6AAD462}.Release|x86.ActiveCfg = Release|Any CPU
		{AEDF1C11-C2C6-4EA0-A1D3-6F42F6AAD462}.Release|x86.Build.0 = Release|Any CPU
		{ECC6B652-EA5D-4A08-B544-A53072C3D987}.Debug|Any CPU.ActiveCfg = Debug|Any CPU
		{ECC6B652-EA5D-4A08-B544-A53072C3D987}.Debug|Any CPU.Build.0 = Debug|Any CPU
		{ECC6B652-EA5D-4A08-B544-A53072C3D987}.Debug|x64.ActiveCfg = Debug|Any CPU
		{ECC6B652-EA5D-4A08-B544-A53072C3D987}.Debug|x64.Build.0 = Debug|Any CPU
		{ECC6B652-EA5D-4A08-B544-A53072C3D987}.Debug|x86.ActiveCfg = Debug|Any CPU
		{ECC6B652-EA5D-4A08-B544-A53072C3D987}.Debug|x86.Build.0 = Debug|Any CPU
		{ECC6B652-EA5D-4A08-B544-A53072C3D987}.Release|Any CPU.ActiveCfg = Release|Any CPU
		{ECC6B652-EA5D-4A08-B544-A53072C3D987}.Release|Any CPU.Build.0 = Release|Any CPU
		{ECC6B652-EA5D-4A08-B544-A53072C3D987}.Release|x64.ActiveCfg = Release|Any CPU
		{ECC6B652-EA5D-4A08-B544-A53072C3D987}.Release|x64.Build.0 = Release|Any CPU
		{ECC6B652-EA5D-4A08-B544-A53072C3D987}.Release|x86.ActiveCfg = Release|Any CPU
		{ECC6B652-EA5D-4A08-B544-A53072C3D987}.Release|x86.Build.0 = Release|Any CPU
		{34932C1C-CD24-46FD-89F5-A85F9952B0E1}.Debug|Any CPU.ActiveCfg = Debug|Any CPU
		{34932C1C-CD24-46FD-89F5-A85F9952B0E1}.Debug|Any CPU.Build.0 = Debug|Any CPU
		{34932C1C-CD24-46FD-89F5-A85F9952B0E1}.Debug|x64.ActiveCfg = Debug|Any CPU
		{34932C1C-CD24-46FD-89F5-A85F9952B0E1}.Debug|x64.Build.0 = Debug|Any CPU
		{34932C1C-CD24-46FD-89F5-A85F9952B0E1}.Debug|x86.ActiveCfg = Debug|Any CPU
		{34932C1C-CD24-46FD-89F5-A85F9952B0E1}.Debug|x86.Build.0 = Debug|Any CPU
		{34932C1C-CD24-46FD-89F5-A85F9952B0E1}.Release|Any CPU.ActiveCfg = Release|Any CPU
		{34932C1C-CD24-46FD-89F5-A85F9952B0E1}.Release|Any CPU.Build.0 = Release|Any CPU
		{34932C1C-CD24-46FD-89F5-A85F9952B0E1}.Release|x64.ActiveCfg = Release|Any CPU
		{34932C1C-CD24-46FD-89F5-A85F9952B0E1}.Release|x64.Build.0 = Release|Any CPU
		{34932C1C-CD24-46FD-89F5-A85F9952B0E1}.Release|x86.ActiveCfg = Release|Any CPU
		{34932C1C-CD24-46FD-89F5-A85F9952B0E1}.Release|x86.Build.0 = Release|Any CPU
		{EE641F55-99EB-4041-9174-6D33ED4EDF27}.Debug|Any CPU.ActiveCfg = Debug|Any CPU
		{EE641F55-99EB-4041-9174-6D33ED4EDF27}.Debug|Any CPU.Build.0 = Debug|Any CPU
		{EE641F55-99EB-4041-9174-6D33ED4EDF27}.Debug|x64.ActiveCfg = Debug|Any CPU
		{EE641F55-99EB-4041-9174-6D33ED4EDF27}.Debug|x64.Build.0 = Debug|Any CPU
		{EE641F55-99EB-4041-9174-6D33ED4EDF27}.Debug|x86.ActiveCfg = Debug|Any CPU
		{EE641F55-99EB-4041-9174-6D33ED4EDF27}.Debug|x86.Build.0 = Debug|Any CPU
		{EE641F55-99EB-4041-9174-6D33ED4EDF27}.Release|Any CPU.ActiveCfg = Release|Any CPU
		{EE641F55-99EB-4041-9174-6D33ED4EDF27}.Release|Any CPU.Build.0 = Release|Any CPU
		{EE641F55-99EB-4041-9174-6D33ED4EDF27}.Release|x64.ActiveCfg = Release|Any CPU
		{EE641F55-99EB-4041-9174-6D33ED4EDF27}.Release|x64.Build.0 = Release|Any CPU
		{EE641F55-99EB-4041-9174-6D33ED4EDF27}.Release|x86.ActiveCfg = Release|Any CPU
		{EE641F55-99EB-4041-9174-6D33ED4EDF27}.Release|x86.Build.0 = Release|Any CPU
	EndGlobalSection
EndGlobal
